// !$*UTF8*$!
{
	archiveVersion = 1;
	classes = {
	};
	objectVersion = 56;
	objects = {

/* Begin PBXBuildFile section */
		9DF3EE522BD07DE300666D28 /* RealityKitContent in Frameworks */ = {isa = PBXBuildFile; productRef = 9DF3EE512BD07DE300666D28 /* RealityKitContent */; };
		9DF3EE542BD07DE300666D28 /* FaceFinderApp.swift in Sources */ = {isa = PBXBuildFile; fileRef = 9DF3EE532BD07DE300666D28 /* FaceFinderApp.swift */; };
		9DF3EE562BD07DE300666D28 /* ContentView.swift in Sources */ = {isa = PBXBuildFile; fileRef = 9DF3EE552BD07DE300666D28 /* ContentView.swift */; };
		9DF3EE582BD07DE300666D28 /* ImmersiveView.swift in Sources */ = {isa = PBXBuildFile; fileRef = 9DF3EE572BD07DE300666D28 /* ImmersiveView.swift */; };
		9DF3EE5A2BD07DE300666D28 /* ImageBasedLighting.skybox in Resources */ = {isa = PBXBuildFile; fileRef = 9DF3EE592BD07DE300666D28 /* ImageBasedLighting.skybox */; };
		9DF3EE5C2BD07DE400666D28 /* Assets.xcassets in Resources */ = {isa = PBXBuildFile; fileRef = 9DF3EE5B2BD07DE400666D28 /* Assets.xcassets */; };
		9DF3EE5F2BD07DE400666D28 /* Preview Assets.xcassets in Resources */ = {isa = PBXBuildFile; fileRef = 9DF3EE5E2BD07DE400666D28 /* Preview Assets.xcassets */; };
/* End PBXBuildFile section */

/* Begin PBXFileReference section */
		9DF3EE4C2BD07DE300666D28 /* FaceFinder.app */ = {isa = PBXFileReference; explicitFileType = wrapper.application; includeInIndex = 0; path = FaceFinder.app; sourceTree = BUILT_PRODUCTS_DIR; };
		9DF3EE502BD07DE300666D28 /* RealityKitContent */ = {isa = PBXFileReference; lastKnownFileType = wrapper; path = RealityKitContent; sourceTree = "<group>"; };
		9DF3EE532BD07DE300666D28 /* FaceFinderApp.swift */ = {isa = PBXFileReference; lastKnownFileType = sourcecode.swift; path = FaceFinderApp.swift; sourceTree = "<group>"; };
		9DF3EE552BD07DE300666D28 /* ContentView.swift */ = {isa = PBXFileReference; lastKnownFileType = sourcecode.swift; path = ContentView.swift; sourceTree = "<group>"; };
		9DF3EE572BD07DE300666D28 /* ImmersiveView.swift */ = {isa = PBXFileReference; lastKnownFileType = sourcecode.swift; path = ImmersiveView.swift; sourceTree = "<group>"; };
		9DF3EE592BD07DE300666D28 /* ImageBasedLighting.skybox */ = {isa = PBXFileReference; lastKnownFileType = file.skybox; path = ImageBasedLighting.skybox; sourceTree = "<group>"; };
		9DF3EE5B2BD07DE400666D28 /* Assets.xcassets */ = {isa = PBXFileReference; lastKnownFileType = folder.assetcatalog; path = Assets.xcassets; sourceTree = "<group>"; };
		9DF3EE5E2BD07DE400666D28 /* Preview Assets.xcassets */ = {isa = PBXFileReference; lastKnownFileType = folder.assetcatalog; path = "Preview Assets.xcassets"; sourceTree = "<group>"; };
		9DF3EE602BD07DE400666D28 /* Info.plist */ = {isa = PBXFileReference; lastKnownFileType = text.plist.xml; path = Info.plist; sourceTree = "<group>"; };
/* End PBXFileReference section */

/* Begin PBXFrameworksBuildPhase section */
		9DF3EE492BD07DE300666D28 /* Frameworks */ = {
			isa = PBXFrameworksBuildPhase;
			buildActionMask = 2147483647;
			files = (
				9DF3EE522BD07DE300666D28 /* RealityKitContent in Frameworks */,
			);
			runOnlyForDeploymentPostprocessing = 0;
		};
/* End PBXFrameworksBuildPhase section */

/* Begin PBXGroup section */
		9DF3EE432BD07DE300666D28 = {
			isa = PBXGroup;
			children = (
				9DF3EE4E2BD07DE300666D28 /* FaceFinder */,
				9DF3EE4F2BD07DE300666D28 /* Packages */,
				9DF3EE4D2BD07DE300666D28 /* Products */,
			);
			sourceTree = "<group>";
		};
		9DF3EE4D2BD07DE300666D28 /* Products */ = {
			isa = PBXGroup;
			children = (
				9DF3EE4C2BD07DE300666D28 /* FaceFinder.app */,
			);
			name = Products;
			sourceTree = "<group>";
		};
		9DF3EE4E2BD07DE300666D28 /* FaceFinder */ = {
			isa = PBXGroup;
			children = (
				9DF3EE532BD07DE300666D28 /* FaceFinderApp.swift */,
				9DF3EE552BD07DE300666D28 /* ContentView.swift */,
				9DF3EE572BD07DE300666D28 /* ImmersiveView.swift */,
				9DF3EE592BD07DE300666D28 /* ImageBasedLighting.skybox */,
				9DF3EE5B2BD07DE400666D28 /* Assets.xcassets */,
				9DF3EE602BD07DE400666D28 /* Info.plist */,
				9DF3EE5D2BD07DE400666D28 /* Preview Content */,
			);
			path = FaceFinder;
			sourceTree = "<group>";
		};
		9DF3EE4F2BD07DE300666D28 /* Packages */ = {
			isa = PBXGroup;
			children = (
				9DF3EE502BD07DE300666D28 /* RealityKitContent */,
			);
			path = Packages;
			sourceTree = "<group>";
		};
		9DF3EE5D2BD07DE400666D28 /* Preview Content */ = {
			isa = PBXGroup;
			children = (
				9DF3EE5E2BD07DE400666D28 /* Preview Assets.xcassets */,
			);
			path = "Preview Content";
			sourceTree = "<group>";
		};
/* End PBXGroup section */

/* Begin PBXNativeTarget section */
		9DF3EE4B2BD07DE300666D28 /* FaceFinder */ = {
			isa = PBXNativeTarget;
			buildConfigurationList = 9DF3EE632BD07DE400666D28 /* Build configuration list for PBXNativeTarget "FaceFinder" */;
			buildPhases = (
				9DF3EE482BD07DE300666D28 /* Sources */,
				9DF3EE492BD07DE300666D28 /* Frameworks */,
				9DF3EE4A2BD07DE300666D28 /* Resources */,
			);
			buildRules = (
			);
			dependencies = (
			);
			name = FaceFinder;
			packageProductDependencies = (
				9DF3EE512BD07DE300666D28 /* RealityKitContent */,
			);
			productName = FaceFinder;
			productReference = 9DF3EE4C2BD07DE300666D28 /* FaceFinder.app */;
			productType = "com.apple.product-type.application";
		};
/* End PBXNativeTarget section */

/* Begin PBXProject section */
		9DF3EE442BD07DE300666D28 /* Project object */ = {
			isa = PBXProject;
			attributes = {
				BuildIndependentTargetsInParallel = 1;
				LastSwiftUpdateCheck = 1530;
				LastUpgradeCheck = 1530;
				TargetAttributes = {
					9DF3EE4B2BD07DE300666D28 = {
						CreatedOnToolsVersion = 15.3;
					};
				};
			};
			buildConfigurationList = 9DF3EE472BD07DE300666D28 /* Build configuration list for PBXProject "FaceFinder" */;
			compatibilityVersion = "Xcode 14.0";
			developmentRegion = en;
			hasScannedForEncodings = 0;
			knownRegions = (
				en,
				Base,
			);
			mainGroup = 9DF3EE432BD07DE300666D28;
			productRefGroup = 9DF3EE4D2BD07DE300666D28 /* Products */;
			projectDirPath = "";
			projectRoot = "";
			targets = (
				9DF3EE4B2BD07DE300666D28 /* FaceFinder */,
			);
		};
/* End PBXProject section */

/* Begin PBXResourcesBuildPhase section */
		9DF3EE4A2BD07DE300666D28 /* Resources */ = {
			isa = PBXResourcesBuildPhase;
			buildActionMask = 2147483647;
			files = (
				9DF3EE5C2BD07DE400666D28 /* Assets.xcassets in Resources */,
				9DF3EE5F2BD07DE400666D28 /* Preview Assets.xcassets in Resources */,
				9DF3EE5A2BD07DE300666D28 /* ImageBasedLighting.skybox in Resources */,
			);
			runOnlyForDeploymentPostprocessing = 0;
		};
/* End PBXResourcesBuildPhase section */

/* Begin PBXSourcesBuildPhase section */
		9DF3EE482BD07DE300666D28 /* Sources */ = {
			isa = PBXSourcesBuildPhase;
			buildActionMask = 2147483647;
			files = (
				9DF3EE562BD07DE300666D28 /* ContentView.swift in Sources */,
				9DF3EE542BD07DE300666D28 /* FaceFinderApp.swift in Sources */,
				9DF3EE582BD07DE300666D28 /* ImmersiveView.swift in Sources */,
			);
			runOnlyForDeploymentPostprocessing = 0;
		};
/* End PBXSourcesBuildPhase section */

/* Begin XCBuildConfiguration section */
		9DF3EE612BD07DE400666D28 /* Debug */ = {
			isa = XCBuildConfiguration;
			buildSettings = {
				ALWAYS_SEARCH_USER_PATHS = NO;
				ASSETCATALOG_COMPILER_GENERATE_SWIFT_ASSET_SYMBOL_EXTENSIONS = YES;
				CLANG_ANALYZER_NONNULL = YES;
				CLANG_ANALYZER_NUMBER_OBJECT_CONVERSION = YES_AGGRESSIVE;
				CLANG_CXX_LANGUAGE_STANDARD = "gnu++20";
				CLANG_ENABLE_MODULES = YES;
				CLANG_ENABLE_OBJC_ARC = YES;
				CLANG_ENABLE_OBJC_WEAK = YES;
				CLANG_WARN_BLOCK_CAPTURE_AUTORELEASING = YES;
				CLANG_WARN_BOOL_CONVERSION = YES;
				CLANG_WARN_COMMA = YES;
				CLANG_WARN_CONSTANT_CONVERSION = YES;
				CLANG_WARN_DEPRECATED_OBJC_IMPLEMENTATIONS = YES;
				CLANG_WARN_DIRECT_OBJC_ISA_USAGE = YES_ERROR;
				CLANG_WARN_DOCUMENTATION_COMMENTS = YES;
				CLANG_WARN_EMPTY_BODY = YES;
				CLANG_WARN_ENUM_CONVERSION = YES;
				CLANG_WARN_INFINITE_RECURSION = YES;
				CLANG_WARN_INT_CONVERSION = YES;
				CLANG_WARN_NON_LITERAL_NULL_CONVERSION = YES;
				CLANG_WARN_OBJC_IMPLICIT_RETAIN_SELF = YES;
				CLANG_WARN_OBJC_LITERAL_CONVERSION = YES;
				CLANG_WARN_OBJC_ROOT_CLASS = YES_ERROR;
				CLANG_WARN_QUOTED_INCLUDE_IN_FRAMEWORK_HEADER = YES;
				CLANG_WARN_RANGE_LOOP_ANALYSIS = YES;
				CLANG_WARN_STRICT_PROTOTYPES = YES;
				CLANG_WARN_SUSPICIOUS_MOVE = YES;
				CLANG_WARN_UNGUARDED_AVAILABILITY = YES_AGGRESSIVE;
				CLANG_WARN_UNREACHABLE_CODE = YES;
				CLANG_WARN__DUPLICATE_METHOD_MATCH = YES;
				COPY_PHASE_STRIP = NO;
				DEBUG_INFORMATION_FORMAT = dwarf;
				ENABLE_STRICT_OBJC_MSGSEND = YES;
				ENABLE_TESTABILITY = YES;
				ENABLE_USER_SCRIPT_SANDBOXING = YES;
				GCC_C_LANGUAGE_STANDARD = gnu17;
				GCC_DYNAMIC_NO_PIC = NO;
				GCC_NO_COMMON_BLOCKS = YES;
				GCC_OPTIMIZATION_LEVEL = 0;
				GCC_PREPROCESSOR_DEFINITIONS = (
					"DEBUG=1",
					"$(inherited)",
				);
				GCC_WARN_64_TO_32_BIT_CONVERSION = YES;
				GCC_WARN_ABOUT_RETURN_TYPE = YES_ERROR;
				GCC_WARN_UNDECLARED_SELECTOR = YES;
				GCC_WARN_UNINITIALIZED_AUTOS = YES_AGGRESSIVE;
				GCC_WARN_UNUSED_FUNCTION = YES;
				GCC_WARN_UNUSED_VARIABLE = YES;
				LOCALIZATION_PREFERS_STRING_CATALOGS = YES;
				MTL_ENABLE_DEBUG_INFO = INCLUDE_SOURCE;
				MTL_FAST_MATH = YES;
				ONLY_ACTIVE_ARCH = YES;
				SDKROOT = xros;
				SWIFT_ACTIVE_COMPILATION_CONDITIONS = "DEBUG $(inherited)";
				SWIFT_OPTIMIZATION_LEVEL = "-Onone";
				XROS_DEPLOYMENT_TARGET = 1.1;
			};
			name = Debug;
		};
		9DF3EE622BD07DE400666D28 /* Release */ = {
			isa = XCBuildConfiguration;
			buildSettings = {
				ALWAYS_SEARCH_USER_PATHS = NO;
				ASSETCATALOG_COMPILER_GENERATE_SWIFT_ASSET_SYMBOL_EXTENSIONS = YES;
				CLANG_ANALYZER_NONNULL = YES;
				CLANG_ANALYZER_NUMBER_OBJECT_CONVERSION = YES_AGGRESSIVE;
				CLANG_CXX_LANGUAGE_STANDARD = "gnu++20";
				CLANG_ENABLE_MODULES = YES;
				CLANG_ENABLE_OBJC_ARC = YES;
				CLANG_ENABLE_OBJC_WEAK = YES;
				CLANG_WARN_BLOCK_CAPTURE_AUTORELEASING = YES;
				CLANG_WARN_BOOL_CONVERSION = YES;
				CLANG_WARN_COMMA = YES;
				CLANG_WARN_CONSTANT_CONVERSION = YES;
				CLANG_WARN_DEPRECATED_OBJC_IMPLEMENTATIONS = YES;
				CLANG_WARN_DIRECT_OBJC_ISA_USAGE = YES_ERROR;
				CLANG_WARN_DOCUMENTATION_COMMENTS = YES;
				CLANG_WARN_EMPTY_BODY = YES;
				CLANG_WARN_ENUM_CONVERSION = YES;
				CLANG_WARN_INFINITE_RECURSION = YES;
				CLANG_WARN_INT_CONVERSION = YES;
				CLANG_WARN_NON_LITERAL_NULL_CONVERSION = YES;
				CLANG_WARN_OBJC_IMPLICIT_RETAIN_SELF = YES;
				CLANG_WARN_OBJC_LITERAL_CONVERSION = YES;
				CLANG_WARN_OBJC_ROOT_CLASS = YES_ERROR;
				CLANG_WARN_QUOTED_INCLUDE_IN_FRAMEWORK_HEADER = YES;
				CLANG_WARN_RANGE_LOOP_ANALYSIS = YES;
				CLANG_WARN_STRICT_PROTOTYPES = YES;
				CLANG_WARN_SUSPICIOUS_MOVE = YES;
				CLANG_WARN_UNGUARDED_AVAILABILITY = YES_AGGRESSIVE;
				CLANG_WARN_UNREACHABLE_CODE = YES;
				CLANG_WARN__DUPLICATE_METHOD_MATCH = YES;
				COPY_PHASE_STRIP = NO;
				DEBUG_INFORMATION_FORMAT = "dwarf-with-dsym";
				ENABLE_NS_ASSERTIONS = NO;
				ENABLE_STRICT_OBJC_MSGSEND = YES;
				ENABLE_USER_SCRIPT_SANDBOXING = YES;
				GCC_C_LANGUAGE_STANDARD = gnu17;
				GCC_NO_COMMON_BLOCKS = YES;
				GCC_WARN_64_TO_32_BIT_CONVERSION = YES;
				GCC_WARN_ABOUT_RETURN_TYPE = YES_ERROR;
				GCC_WARN_UNDECLARED_SELECTOR = YES;
				GCC_WARN_UNINITIALIZED_AUTOS = YES_AGGRESSIVE;
				GCC_WARN_UNUSED_FUNCTION = YES;
				GCC_WARN_UNUSED_VARIABLE = YES;
				LOCALIZATION_PREFERS_STRING_CATALOGS = YES;
				MTL_ENABLE_DEBUG_INFO = NO;
				MTL_FAST_MATH = YES;
				SDKROOT = xros;
				SWIFT_COMPILATION_MODE = wholemodule;
				VALIDATE_PRODUCT = YES;
				XROS_DEPLOYMENT_TARGET = 1.1;
			};
			name = Release;
		};
		9DF3EE642BD07DE400666D28 /* Debug */ = {
			isa = XCBuildConfiguration;
			buildSettings = {
				ASSETCATALOG_COMPILER_APPICON_NAME = AppIcon;
				ASSETCATALOG_COMPILER_GLOBAL_ACCENT_COLOR_NAME = AccentColor;
				CODE_SIGN_STYLE = Automatic;
				CURRENT_PROJECT_VERSION = 1;
				DEVELOPMENT_ASSET_PATHS = "\"FaceFinder/Preview Content\"";
				DEVELOPMENT_TEAM = 23M2775353;
				ENABLE_PREVIEWS = YES;
				GENERATE_INFOPLIST_FILE = YES;
				INFOPLIST_FILE = "$(TARGET_NAME)/Info.plist";
				LD_RUNPATH_SEARCH_PATHS = (
					"$(inherited)",
					"@executable_path/Frameworks",
				);
				MARKETING_VERSION = 1.0;
				PRODUCT_BUNDLE_IDENTIFIER = com.prannvatsingh.FaceFinder;
				PRODUCT_NAME = "$(TARGET_NAME)";
				SUPPORTED_PLATFORMS = "xros xrsimulator";
				SWIFT_EMIT_LOC_STRINGS = YES;
				SWIFT_VERSION = 5.0;
				TARGETED_DEVICE_FAMILY = "1,2,7";
			};
			name = Debug;
		};
		9DF3EE652BD07DE400666D28 /* Release */ = {
			isa = XCBuildConfiguration;
			buildSettings = {
				ASSETCATALOG_COMPILER_APPICON_NAME = AppIcon;
				ASSETCATALOG_COMPILER_GLOBAL_ACCENT_COLOR_NAME = AccentColor;
				CODE_SIGN_STYLE = Automatic;
				CURRENT_PROJECT_VERSION = 1;
				DEVELOPMENT_ASSET_PATHS = "\"FaceFinder/Preview Content\"";
				DEVELOPMENT_TEAM = 23M2775353;
				ENABLE_PREVIEWS = YES;
				GENERATE_INFOPLIST_FILE = YES;
				INFOPLIST_FILE = "$(TARGET_NAME)/Info.plist";
				LD_RUNPATH_SEARCH_PATHS = (
					"$(inherited)",
					"@executable_path/Frameworks",
				);
				MARKETING_VERSION = 1.0;
				PRODUCT_BUNDLE_IDENTIFIER = com.prannvatsingh.FaceFinder;
				PRODUCT_NAME = "$(TARGET_NAME)";
				SUPPORTED_PLATFORMS = "xros xrsimulator";
				SWIFT_EMIT_LOC_STRINGS = YES;
				SWIFT_VERSION = 5.0;
				TARGETED_DEVICE_FAMILY = "1,2,7";
			};
			name = Release;
		};
/* End XCBuildConfiguration section */

/* Begin XCConfigurationList section */
		9DF3EE472BD07DE300666D28 /* Build configuration list for PBXProject "FaceFinder" */ = {
			isa = XCConfigurationList;
			buildConfigurations = (
				9DF3EE612BD07DE400666D28 /* Debug */,
				9DF3EE622BD07DE400666D28 /* Release */,
			);
			defaultConfigurationIsVisible = 0;
			defaultConfigurationName = Release;
		};
		9DF3EE632BD07DE400666D28 /* Build configuration list for PBXNativeTarget "FaceFinder" */ = {
			isa = XCConfigurationList;
			buildConfigurations = (
				9DF3EE642BD07DE400666D28 /* Debug */,
				9DF3EE652BD07DE400666D28 /* Release */,
			);
			defaultConfigurationIsVisible = 0;
			defaultConfigurationName = Release;
		};
/* End XCConfigurationList section */

/* Begin XCSwiftPackageProductDependency section */
		9DF3EE512BD07DE300666D28 /* RealityKitContent */ = {
			isa = XCSwiftPackageProductDependency;
			productName = RealityKitContent;
		};
/* End XCSwiftPackageProductDependency section */
	};
	rootObject = 9DF3EE442BD07DE300666D28 /* Project object */;
}
